
Microsoft Visual Studio Solution File, Format Version 11.00
# Visual Studio 2010
Project("{FAE04EC0-301F-11D3-BF4B-00C04F79EFBC}") = "Eftersoekt", "Assembly-CSharp-firstpass.csproj", "{CDAA20FD-8C1F-B14B-B0CE-548ED6AC883E}"
EndProject
Project("{FAE04EC0-301F-11D3-BF4B-00C04F79EFBC}") = "Eftersoekt", "Assembly-CSharp.csproj", "{13696C92-F4A0-FC8B-1038-19DBD36A0E29}"
EndProject
Project("{FAE04EC0-301F-11D3-BF4B-00C04F79EFBC}") = "Eftersoekt", "Assembly-CSharp-Editor-firstpass.csproj", "{274B99C9-ECC0-89A2-8CF5-0C977516F0E4}"
EndProject
Global
	GlobalSection(SolutionConfigurationPlatforms) = preSolution
		Debug|Any CPU = Debug|Any CPU
		Release|Any CPU = Release|Any CPU
	EndGlobalSection
	GlobalSection(ProjectConfigurationPlatforms) = postSolution
		{CDAA20FD-8C1F-B14B-B0CE-548ED6AC883E}.Debug|Any CPU.ActiveCfg = Debug|Any CPU
		{CDAA20FD-8C1F-B14B-B0CE-548ED6AC883E}.Debug|Any CPU.Build.0 = Debug|Any CPU
		{CDAA20FD-8C1F-B14B-B0CE-548ED6AC883E}.Release|Any CPU.ActiveCfg = Release|Any CPU
		{CDAA20FD-8C1F-B14B-B0CE-548ED6AC883E}.Release|Any CPU.Build.0 = Release|Any CPU
		{13696C92-F4A0-FC8B-1038-19DBD36A0E29}.Debug|Any CPU.ActiveCfg = Debug|Any CPU
		{13696C92-F4A0-FC8B-1038-19DBD36A0E29}.Debug|Any CPU.Build.0 = Debug|Any CPU
		{13696C92-F4A0-FC8B-1038-19DBD36A0E29}.Release|Any CPU.ActiveCfg = Release|Any CPU
		{13696C92-F4A0-FC8B-1038-19DBD36A0E29}.Release|Any CPU.Build.0 = Release|Any CPU
		{274B99C9-ECC0-89A2-8CF5-0C977516F0E4}.Debug|Any CPU.ActiveCfg = Debug|Any CPU
		{274B99C9-ECC0-89A2-8CF5-0C977516F0E4}.Debug|Any CPU.Build.0 = Debug|Any CPU
		{274B99C9-ECC0-89A2-8CF5-0C977516F0E4}.Release|Any CPU.ActiveCfg = Release|Any CPU
		{274B99C9-ECC0-89A2-8CF5-0C977516F0E4}.Release|Any CPU.Build.0 = Release|Any CPU
	EndGlobalSection
	GlobalSection(SolutionProperties) = preSolution
		HideSolutionNode = FALSE
	EndGlobalSection
	GlobalSection(MonoDevelopProperties) = preSolution
		StartupItem = Assembly-CSharp.csproj
	EndGlobalSection
EndGlobal
